<?xml version="1.0" encoding="utf-8"?>
<Project ToolsVersion="4.0" xmlns="http://schemas.microsoft.com/developer/msbuild/2003">
  <ItemGroup>
    <Filter Include="Source Files">
      <UniqueIdentifier>{4FC737F1-C7A5-4376-A066-2A32D752A2FF}</UniqueIdentifier>
      <Extensions>cpp;c;cc;cxx;c++;cppm;ixx;def;odl;idl;hpj;bat;asm;asmx</Extensions>
    </Filter>
    <Filter Include="Header Files">
      <UniqueIdentifier>{93995380-89BD-4b04-88EB-625FBE52EBFB}</UniqueIdentifier>
      <Extensions>h;hh;hpp;hxx;h++;hm;inl;inc;ipp;xsd</Extensions>
    </Filter>
    <Filter Include="Resource Files">
      <UniqueIdentifier>{67DA6AB6-F800-4c08-8B7A-83BB121AAD01}</UniqueIdentifier>
      <Extensions>rc;ico;cur;bmp;dlg;rc2;rct;bin;rgs;gif;jpg;jpeg;jpe;resx;tiff;tif;png;wav;mfcribbon-ms</Extensions>
    </Filter>
    <Filter Include="logging">
      <UniqueIdentifier>{B2A6D3A0-1F7E-4D5C-9E3B-8A4C6F2D1E0A}</UniqueIdentifier>
    </Filter>
  </ItemGroup>
  <ItemGroup>
    <ClInclude Include="logging\glog_custom_formatter.hpp">
      <Filter>logging</Filter>
    </ClInclude>
    <ClInclude Include="logging\logger_setup.hpp">
      <Filter>logging</Filter>
    </ClInclude>
  </ItemGroup>
  <ItemGroup>
    <ClCompile Include="dllmain.cpp">
      <Filter>Source Files</Filter>
    </ClCompile>
    <ClCompile Include="logging\glog_custom_formatter.cpp">
      <Filter>logging</Filter>
    </ClCompile>
    <ClCompile Include="logging\logger_setup.cpp">
      <Filter>logging</Filter>
    </ClCompile>
  </ItemGroup>
  <ItemGroup>
    <None Include="docs\plan.md">
      <Filter>Resource Files</Filter>
    </None>
  </ItemGroup>
</Project>